{
  "nodes": {
    "home-manager": {
      "inputs": {
        "nixpkgs": [
          "nixpkgs"
        ]
      },
      "locked": {
        "lastModified": 1691856649,
        "narHash": "sha256-1/KYCwNyOPpUoyno9Yj3zMHITQaW+wPzVlJFPOPPCo4=",
        "owner": "nix-community",
        "repo": "home-manager",
        "rev": "406d34d919e9e8b831b531782cf5ef6995188566",
        "type": "github"
      },
      "original": {
        "owner": "nix-community",
        "repo": "home-manager",
        "type": "github"
      }
    },
    "nixpkgs": {
      "locked": {
        "lastModified": 1691861449,
        "narHash": "sha256-SIlA03CqMIzOrTkhFPXKX7QVFG8Xsaq4MVKnoqUvNFk=",
        "owner": "NixOS",
        "repo": "nixpkgs",
        "rev": "08d242047cc34c9c624c8ae507211671cf45f464",
        "type": "github"
      },
      "original": {
        "owner": "NixOS",
        "repo": "nixpkgs",
        "type": "github"
      }
    },
    "root": {
      "inputs": {
        "home-manager": "home-manager",
        "nixpkgs": "nixpkgs"
      }
    }
  },
  "root": "root",
  "version": 7
}
