{
  "nodes": {
    "home-manager": {
      "inputs": {
        "nixpkgs": [
          "nixpkgs"
        ]
      },
      "locked": {
        "lastModified": 1701071203,
        "narHash": "sha256-lQywA7QU/vzTdZ1apI0PfgCWNyQobXUYghVrR5zuIeM=",
        "owner": "nix-community",
        "repo": "home-manager",
        "rev": "db1878f013b52ba5e4034db7c1b63e8d04173a86",
        "type": "github"
      },
      "original": {
        "owner": "nix-community",
        "repo": "home-manager",
        "type": "github"
      }
    },
    "nixpkgs": {
      "locked": {
        "lastModified": 1701193209,
        "narHash": "sha256-rTk2YBmldLn/1Zde0nlvi9IkxEmNT+OQAbX1AA4F3NM=",
        "owner": "NixOS",
        "repo": "nixpkgs",
        "rev": "a2de752222b11760dca5f5b69c87ada39ec2ba82",
        "type": "github"
      },
      "original": {
        "owner": "NixOS",
        "repo": "nixpkgs",
        "type": "github"
      }
    },
    "root": {
      "inputs": {
        "home-manager": "home-manager",
        "nixpkgs": "nixpkgs"
      }
    }
  },
  "root": "root",
  "version": 7
}
